
Microsoft Visual Studio Solution File, Format Version 11.00
# Visual Studio 2010
Project("{FAE04EC0-301F-11D3-BF4B-00C04F79EFBC}") = "Katas.TenPinBowling", "Src\Katas.TenPinBowling\Katas.TenPinBowling.csproj", "{219258B2-1E5E-4C43-ACBE-36200C6A7E93}"
EndProject
Project("{FAE04EC0-301F-11D3-BF4B-00C04F79EFBC}") = "Katas.TenPinBowling.Tests", "Src\Katas.TenPinBowling.Tests\Katas.TenPinBowling.Tests.csproj", "{E6C6AA7E-9089-4840-AD23-43085D94E2CB}"
EndProject
Project("{2150E333-8FDC-42A3-9474-1A3956D46DE8}") = "Src", "Src", "{0A786ADE-BAAE-4FAA-A5B8-46352C381778}"
EndProject
Project("{2150E333-8FDC-42A3-9474-1A3956D46DE8}") = "Lib", "Lib", "{E05621B5-F768-44FA-8E42-6CBB8559CFAB}"
	ProjectSection(SolutionItems) = preProject
		Lib\nunit.framework.dll = Lib\nunit.framework.dll
		Lib\nunit.framework.xml = Lib\nunit.framework.xml
	EndProjectSection
EndProject
Global
	GlobalSection(SolutionConfigurationPlatforms) = preSolution
		Debug|Any CPU = Debug|Any CPU
		Release|Any CPU = Release|Any CPU
	EndGlobalSection
	GlobalSection(ProjectConfigurationPlatforms) = postSolution
		{219258B2-1E5E-4C43-ACBE-36200C6A7E93}.Debug|Any CPU.ActiveCfg = Debug|Any CPU
		{219258B2-1E5E-4C43-ACBE-36200C6A7E93}.Debug|Any CPU.Build.0 = Debug|Any CPU
		{219258B2-1E5E-4C43-ACBE-36200C6A7E93}.Release|Any CPU.ActiveCfg = Release|Any CPU
		{219258B2-1E5E-4C43-ACBE-36200C6A7E93}.Release|Any CPU.Build.0 = Release|Any CPU
		{E6C6AA7E-9089-4840-AD23-43085D94E2CB}.Debug|Any CPU.ActiveCfg = Debug|Any CPU
		{E6C6AA7E-9089-4840-AD23-43085D94E2CB}.Debug|Any CPU.Build.0 = Debug|Any CPU
		{E6C6AA7E-9089-4840-AD23-43085D94E2CB}.Release|Any CPU.ActiveCfg = Release|Any CPU
		{E6C6AA7E-9089-4840-AD23-43085D94E2CB}.Release|Any CPU.Build.0 = Release|Any CPU
	EndGlobalSection
	GlobalSection(SolutionProperties) = preSolution
		HideSolutionNode = FALSE
	EndGlobalSection
	GlobalSection(NestedProjects) = preSolution
		{219258B2-1E5E-4C43-ACBE-36200C6A7E93} = {0A786ADE-BAAE-4FAA-A5B8-46352C381778}
		{E6C6AA7E-9089-4840-AD23-43085D94E2CB} = {0A786ADE-BAAE-4FAA-A5B8-46352C381778}
	EndGlobalSection
EndGlobal
